
Microsoft Visual Studio Solution File, Format Version 12.00
# Visual Studio Version 17
VisualStudioVersion = 17.14.36930.0
MinimumVisualStudioVersion = 10.0.40219.1
Project("{2150E333-8FDC-42A3-9474-1A3956D46DE8}") = "Api", "Api", "{02EA681E-C7D8-13C7-8484-4AC65E1B71E8}"
EndProject
Project("{2150E333-8FDC-42A3-9474-1A3956D46DE8}") = "Web", "Web", "{59413498-4DFC-452F-B42D-8CC603DD61D5}"
EndProject
Project("{2150E333-8FDC-42A3-9474-1A3956D46DE8}") = "Shared", "Shared", "{DF2314A6-0B5D-4548-9C16-E18744FB9180}"
EndProject
Project("{FAE04EC0-301F-11D3-BF4B-00C04F79EFBC}") = "Server.Api", "..\Server.Solution\Server.Api\Server.Api.csproj", "{2F4BA740-C8DD-24E1-D624-67F10011DA5F}"
EndProject
Project("{FAE04EC0-301F-11D3-BF4B-00C04F79EFBC}") = "Server.Domain", "..\Server.Solution\Server.Domain\Server.Domain.csproj", "{9115FF90-7C0F-3235-6FDF-3EBB04FDCD08}"
EndProject
Project("{FAE04EC0-301F-11D3-BF4B-00C04F79EFBC}") = "Server.Tests", "..\Server.Solution\Server.Tests\Server.Tests.csproj", "{0AAEF6C0-46B8-1568-A0E3-B3F4B48A07B9}"
EndProject
Project("{FAE04EC0-301F-11D3-BF4B-00C04F79EFBC}") = "Server.Web", "..\Server.Web.Solution\Server.Web\Server.Web.csproj", "{58C9C98C-7614-3F8A-7BBE-EE44A121D584}"
EndProject
Project("{FAE04EC0-301F-11D3-BF4B-00C04F79EFBC}") = "Core.Infrastructure", "..\Shared.Solution\Core.Infrastructure\Core.Infrastructure.csproj", "{E243672C-9CA0-4B4D-33C8-D1671D4C4182}"
EndProject
Project("{2150E333-8FDC-42A3-9474-1A3956D46DE8}") = "DevOps", "DevOps", "{8EC462FD-D22E-90A8-E5CE-7E832BA40C5D}"
	ProjectSection(SolutionItems) = preProject
		..\Jenkinsfile = ..\Jenkinsfile
	EndProjectSection
EndProject
Global
	GlobalSection(SolutionConfigurationPlatforms) = preSolution
		Debug|Any CPU = Debug|Any CPU
		Release|Any CPU = Release|Any CPU
	EndGlobalSection
	GlobalSection(ProjectConfigurationPlatforms) = postSolution
		{2F4BA740-C8DD-24E1-D624-67F10011DA5F}.Debug|Any CPU.ActiveCfg = Debug|Any CPU
		{2F4BA740-C8DD-24E1-D624-67F10011DA5F}.Debug|Any CPU.Build.0 = Debug|Any CPU
		{2F4BA740-C8DD-24E1-D624-67F10011DA5F}.Release|Any CPU.ActiveCfg = Release|Any CPU
		{2F4BA740-C8DD-24E1-D624-67F10011DA5F}.Release|Any CPU.Build.0 = Release|Any CPU
		{9115FF90-7C0F-3235-6FDF-3EBB04FDCD08}.Debug|Any CPU.ActiveCfg = Debug|Any CPU
		{9115FF90-7C0F-3235-6FDF-3EBB04FDCD08}.Debug|Any CPU.Build.0 = Debug|Any CPU
		{9115FF90-7C0F-3235-6FDF-3EBB04FDCD08}.Release|Any CPU.ActiveCfg = Release|Any CPU
		{9115FF90-7C0F-3235-6FDF-3EBB04FDCD08}.Release|Any CPU.Build.0 = Release|Any CPU
		{0AAEF6C0-46B8-1568-A0E3-B3F4B48A07B9}.Debug|Any CPU.ActiveCfg = Debug|Any CPU
		{0AAEF6C0-46B8-1568-A0E3-B3F4B48A07B9}.Debug|Any CPU.Build.0 = Debug|Any CPU
		{0AAEF6C0-46B8-1568-A0E3-B3F4B48A07B9}.Release|Any CPU.ActiveCfg = Release|Any CPU
		{0AAEF6C0-46B8-1568-A0E3-B3F4B48A07B9}.Release|Any CPU.Build.0 = Release|Any CPU
		{58C9C98C-7614-3F8A-7BBE-EE44A121D584}.Debug|Any CPU.ActiveCfg = Debug|Any CPU
		{58C9C98C-7614-3F8A-7BBE-EE44A121D584}.Debug|Any CPU.Build.0 = Debug|Any CPU
		{58C9C98C-7614-3F8A-7BBE-EE44A121D584}.Release|Any CPU.ActiveCfg = Release|Any CPU
		{58C9C98C-7614-3F8A-7BBE-EE44A121D584}.Release|Any CPU.Build.0 = Release|Any CPU
		{E243672C-9CA0-4B4D-33C8-D1671D4C4182}.Debug|Any CPU.ActiveCfg = Debug|Any CPU
		{E243672C-9CA0-4B4D-33C8-D1671D4C4182}.Debug|Any CPU.Build.0 = Debug|Any CPU
		{E243672C-9CA0-4B4D-33C8-D1671D4C4182}.Release|Any CPU.ActiveCfg = Release|Any CPU
		{E243672C-9CA0-4B4D-33C8-D1671D4C4182}.Release|Any CPU.Build.0 = Release|Any CPU
	EndGlobalSection
	GlobalSection(SolutionProperties) = preSolution
		HideSolutionNode = FALSE
	EndGlobalSection
	GlobalSection(NestedProjects) = preSolution
		{2F4BA740-C8DD-24E1-D624-67F10011DA5F} = {02EA681E-C7D8-13C7-8484-4AC65E1B71E8}
		{9115FF90-7C0F-3235-6FDF-3EBB04FDCD08} = {02EA681E-C7D8-13C7-8484-4AC65E1B71E8}
		{0AAEF6C0-46B8-1568-A0E3-B3F4B48A07B9} = {02EA681E-C7D8-13C7-8484-4AC65E1B71E8}
		{58C9C98C-7614-3F8A-7BBE-EE44A121D584} = {59413498-4DFC-452F-B42D-8CC603DD61D5}
		{E243672C-9CA0-4B4D-33C8-D1671D4C4182} = {DF2314A6-0B5D-4548-9C16-E18744FB9180}
	EndGlobalSection
	GlobalSection(ExtensibilityGlobals) = postSolution
		SolutionGuid = {D6A3B245-FA40-4428-BEB5-C15C9A7B4CE4}
	EndGlobalSection
EndGlobal
