
Microsoft Visual Studio Solution File, Format Version 12.00
# Visual Studio Version 17
VisualStudioVersion = 17.14.36930.0
MinimumVisualStudioVersion = 10.0.40219.1
Project("{FAE04EC0-301F-11D3-BF4B-00C04F79EFBC}") = "Core.Infrastructure", "Core.Infrastructure\Core.Infrastructure.csproj", "{2B64EC18-6DC1-A854-9DD6-0FFEFF12CC27}"
EndProject
Project("{FAE04EC0-301F-11D3-BF4B-00C04F79EFBC}") = "Core.AI.Contracts", "Core.AI.Contracts\Core.AI.Contracts.csproj", "{7804EF69-5300-4C6B-B147-734CCA6E6637}"
EndProject
Project("{FAE04EC0-301F-11D3-BF4B-00C04F79EFBC}") = "Core.AI.Infrastructure", "Core.AI.Infrastructure\Core.AI.Infrastructure.csproj", "{E0626E62-64D8-4EDF-99F5-C2D852B14694}"
EndProject
Global
	GlobalSection(SolutionConfigurationPlatforms) = preSolution
		Debug|Any CPU = Debug|Any CPU
		Release|Any CPU = Release|Any CPU
	EndGlobalSection
	GlobalSection(ProjectConfigurationPlatforms) = postSolution
		{2B64EC18-6DC1-A854-9DD6-0FFEFF12CC27}.Debug|Any CPU.ActiveCfg = Debug|Any CPU
		{2B64EC18-6DC1-A854-9DD6-0FFEFF12CC27}.Debug|Any CPU.Build.0 = Debug|Any CPU
		{2B64EC18-6DC1-A854-9DD6-0FFEFF12CC27}.Release|Any CPU.ActiveCfg = Release|Any CPU
		{2B64EC18-6DC1-A854-9DD6-0FFEFF12CC27}.Release|Any CPU.Build.0 = Release|Any CPU
		{7804EF69-5300-4C6B-B147-734CCA6E6637}.Debug|Any CPU.ActiveCfg = Debug|Any CPU
		{7804EF69-5300-4C6B-B147-734CCA6E6637}.Debug|Any CPU.Build.0 = Debug|Any CPU
		{7804EF69-5300-4C6B-B147-734CCA6E6637}.Release|Any CPU.ActiveCfg = Release|Any CPU
		{7804EF69-5300-4C6B-B147-734CCA6E6637}.Release|Any CPU.Build.0 = Release|Any CPU
		{E0626E62-64D8-4EDF-99F5-C2D852B14694}.Debug|Any CPU.ActiveCfg = Debug|Any CPU
		{E0626E62-64D8-4EDF-99F5-C2D852B14694}.Debug|Any CPU.Build.0 = Debug|Any CPU
		{E0626E62-64D8-4EDF-99F5-C2D852B14694}.Release|Any CPU.ActiveCfg = Release|Any CPU
		{E0626E62-64D8-4EDF-99F5-C2D852B14694}.Release|Any CPU.Build.0 = Release|Any CPU
	EndGlobalSection
	GlobalSection(SolutionProperties) = preSolution
		HideSolutionNode = FALSE
	EndGlobalSection
	GlobalSection(ExtensibilityGlobals) = postSolution
		SolutionGuid = {D3AE0F8F-CBE0-400E-8452-660E2660C79A}
	EndGlobalSection
EndGlobal
